// !$*UTF8*$!
{
	archiveVersion = 1;
	classes = {
	};
	objectVersion = 56;
	objects = {

/* Begin PBXBuildFile section */
		1C06DCCB2A61B12400FD02FB /* AppDelegate.swift in Sources */ = {isa = PBXBuildFile; fileRef = 1C06DCCA2A61B12400FD02FB /* AppDelegate.swift */; };
		1C06DCCD2A61B12400FD02FB /* SceneDelegate.swift in Sources */ = {isa = PBXBuildFile; fileRef = 1C06DCCC2A61B12400FD02FB /* SceneDelegate.swift */; };
		1C06DCCF2A61B12400FD02FB /* HomeViewController.swift in Sources */ = {isa = PBXBuildFile; fileRef = 1C06DCCE2A61B12400FD02FB /* HomeViewController.swift */; };
		1C06DCD42A61B12500FD02FB /* Assets.xcassets in Resources */ = {isa = PBXBuildFile; fileRef = 1C06DCD32A61B12500FD02FB /* Assets.xcassets */; };
		1C06DCD72A61B12500FD02FB /* LaunchScreen.storyboard in Resources */ = {isa = PBXBuildFile; fileRef = 1C06DCD52A61B12500FD02FB /* LaunchScreen.storyboard */; };
		1C06DCE22A61B12500FD02FB /* FastLaneF1Tests.swift in Sources */ = {isa = PBXBuildFile; fileRef = 1C06DCE12A61B12500FD02FB /* FastLaneF1Tests.swift */; };
		1C06DCEC2A61B12500FD02FB /* FastLaneF1UITests.swift in Sources */ = {isa = PBXBuildFile; fileRef = 1C06DCEB2A61B12500FD02FB /* FastLaneF1UITests.swift */; };
		1C06DCEE2A61B12500FD02FB /* FastLaneF1UITestsLaunchTests.swift in Sources */ = {isa = PBXBuildFile; fileRef = 1C06DCED2A61B12500FD02FB /* FastLaneF1UITestsLaunchTests.swift */; };
		1C5484682A658688000EB373 /* GenericService.swift in Sources */ = {isa = PBXBuildFile; fileRef = 1C5484672A658688000EB373 /* GenericService.swift */; };
		1C54846B2A658C94000EB373 /* HomeTableViewCell.swift in Sources */ = {isa = PBXBuildFile; fileRef = 1C54846A2A658C94000EB373 /* HomeTableViewCell.swift */; };
		1C54846E2A658DEF000EB373 /* UpcomingEventCell.swift in Sources */ = {isa = PBXBuildFile; fileRef = 1C54846D2A658DEF000EB373 /* UpcomingEventCell.swift */; };
		1C74BC432A65AEF00017F11D /* ChampionshipStandingsCell.swift in Sources */ = {isa = PBXBuildFile; fileRef = 1C74BC422A65AEF00017F11D /* ChampionshipStandingsCell.swift */; };
		1C74BC452A65B0380017F11D /* LatestResultCell.swift in Sources */ = {isa = PBXBuildFile; fileRef = 1C74BC442A65B0380017F11D /* LatestResultCell.swift */; };
		1C74BC472A65B2910017F11D /* ScheduleCell.swift in Sources */ = {isa = PBXBuildFile; fileRef = 1C74BC462A65B2910017F11D /* ScheduleCell.swift */; };
		1C782B332A6849D80018C5B4 /* ClassificationScreen.swift in Sources */ = {isa = PBXBuildFile; fileRef = 1C782B322A6849D80018C5B4 /* ClassificationScreen.swift */; };
		1C782B352A684EE00018C5B4 /* ClassificationViewController.swift in Sources */ = {isa = PBXBuildFile; fileRef = 1C782B342A684EE00018C5B4 /* ClassificationViewController.swift */; };
		1C782B372A684F740018C5B4 /* ClassificationModel.swift in Sources */ = {isa = PBXBuildFile; fileRef = 1C782B362A684F740018C5B4 /* ClassificationModel.swift */; };
		1C782B392A684F9B0018C5B4 /* DriverStatsDriverViewModel.swift in Sources */ = {isa = PBXBuildFile; fileRef = 1C782B382A684F9B0018C5B4 /* DriverStatsDriverViewModel.swift */; };
		1C782B3E2A68501D0018C5B4 /* DriversCustomTableViewCellScreen.swift in Sources */ = {isa = PBXBuildFile; fileRef = 1C782B3D2A68501D0018C5B4 /* DriversCustomTableViewCellScreen.swift */; };
		1C782B402A6850420018C5B4 /* DriversCustomTableViewCell.swift in Sources */ = {isa = PBXBuildFile; fileRef = 1C782B3F2A6850420018C5B4 /* DriversCustomTableViewCell.swift */; };
		1C782B422A6850670018C5B4 /* DriverCustomCellViewModel.swift in Sources */ = {isa = PBXBuildFile; fileRef = 1C782B412A6850670018C5B4 /* DriverCustomCellViewModel.swift */; };
		1C782B442A6853400018C5B4 /* DriversService.swift in Sources */ = {isa = PBXBuildFile; fileRef = 1C782B432A6853400018C5B4 /* DriversService.swift */; };
		1C782B472A685C410018C5B4 /* ClassificationConstructorViewModel.swift in Sources */ = {isa = PBXBuildFile; fileRef = 1C782B462A685C410018C5B4 /* ClassificationConstructorViewModel.swift */; };
		1C782B492A685CD60018C5B4 /* ConstructorService.swift in Sources */ = {isa = PBXBuildFile; fileRef = 1C782B482A685CD60018C5B4 /* ConstructorService.swift */; };
		1C782B4D2A685E930018C5B4 /* ConstructorCustomTableViewCell.swift in Sources */ = {isa = PBXBuildFile; fileRef = 1C782B4C2A685E930018C5B4 /* ConstructorCustomTableViewCell.swift */; };
		1C782B4F2A685EE50018C5B4 /* ConstructorCustomTableViewCellScreen.swift in Sources */ = {isa = PBXBuildFile; fileRef = 1C782B4E2A685EE50018C5B4 /* ConstructorCustomTableViewCellScreen.swift */; };
		1C782B512A685F090018C5B4 /* ConstructorCustomCellViewModel.swift in Sources */ = {isa = PBXBuildFile; fileRef = 1C782B502A685F090018C5B4 /* ConstructorCustomCellViewModel.swift */; };
		1C98C7F72A6717F400F93653 /* ScheduleModel.swift in Sources */ = {isa = PBXBuildFile; fileRef = 1C98C7F62A6717F400F93653 /* ScheduleModel.swift */; };
		1C98C7F92A67183300F93653 /* ScheduleViewController.swift in Sources */ = {isa = PBXBuildFile; fileRef = 1C98C7F82A67183300F93653 /* ScheduleViewController.swift */; };
		1C98C7FB2A67185D00F93653 /* ScheduleScreen.swift in Sources */ = {isa = PBXBuildFile; fileRef = 1C98C7FA2A67185D00F93653 /* ScheduleScreen.swift */; };
		1C98C7FD2A67188200F93653 /* ScheduleViewModel.swift in Sources */ = {isa = PBXBuildFile; fileRef = 1C98C7FC2A67188200F93653 /* ScheduleViewModel.swift */; };
		1C98C7FF2A6718BF00F93653 /* ScheduleCellScreen.swift in Sources */ = {isa = PBXBuildFile; fileRef = 1C98C7FE2A6718BF00F93653 /* ScheduleCellScreen.swift */; };
		1C98C8012A6718E600F93653 /* ScheduleCellViewModel.swift in Sources */ = {isa = PBXBuildFile; fileRef = 1C98C8002A6718E600F93653 /* ScheduleCellViewModel.swift */; };
		1C98C8032A67191900F93653 /* ScheduleCustomTableViewCell.swift in Sources */ = {isa = PBXBuildFile; fileRef = 1C98C8022A67191900F93653 /* ScheduleCustomTableViewCell.swift */; };
		1C98C8052A67193F00F93653 /* ScheduleService.swift in Sources */ = {isa = PBXBuildFile; fileRef = 1C98C8042A67193F00F93653 /* ScheduleService.swift */; };
		1C98C8082A671AE700F93653 /* schedule.json in Resources */ = {isa = PBXBuildFile; fileRef = 1C98C8072A671AE700F93653 /* schedule.json */; };
		1C98C80F2A67248900F93653 /* EventModel.swift in Sources */ = {isa = PBXBuildFile; fileRef = 1C98C80E2A67248900F93653 /* EventModel.swift */; };
		1C98C8112A6724A900F93653 /* EventViewModel.swift in Sources */ = {isa = PBXBuildFile; fileRef = 1C98C8102A6724A900F93653 /* EventViewModel.swift */; };
		1C98C8132A6724D000F93653 /* EventViewController.swift in Sources */ = {isa = PBXBuildFile; fileRef = 1C98C8122A6724D000F93653 /* EventViewController.swift */; };
		1C98C8162A67251500F93653 /* EventScreen.swift in Sources */ = {isa = PBXBuildFile; fileRef = 1C98C8152A67251500F93653 /* EventScreen.swift */; };
		1C98C81A2A67258300F93653 /* TableTrackTableViewCell.swift in Sources */ = {isa = PBXBuildFile; fileRef = 1C98C8192A67258300F93653 /* TableTrackTableViewCell.swift */; };
		1C98C81D2A6725B600F93653 /* FirstGrandPrixCellScreen.swift in Sources */ = {isa = PBXBuildFile; fileRef = 1C98C81C2A6725B600F93653 /* FirstGrandPrixCellScreen.swift */; };
		1C98C81F2A6725D400F93653 /* TrackImageCellScreen.swift in Sources */ = {isa = PBXBuildFile; fileRef = 1C98C81E2A6725D400F93653 /* TrackImageCellScreen.swift */; };
		1C98C8212A6725F100F93653 /* CircuitLenghtCellScreen.swift in Sources */ = {isa = PBXBuildFile; fileRef = 1C98C8202A6725F100F93653 /* CircuitLenghtCellScreen.swift */; };
		1C98C8232A67261800F93653 /* RaceLapsCellScreen.swift in Sources */ = {isa = PBXBuildFile; fileRef = 1C98C8222A67261800F93653 /* RaceLapsCellScreen.swift */; };
		1C98C8252A67263400F93653 /* RaceDistanceCellScreen.swift in Sources */ = {isa = PBXBuildFile; fileRef = 1C98C8242A67263400F93653 /* RaceDistanceCellScreen.swift */; };
		1C98C8272A67265300F93653 /* TrackRecordCellScreen.swift in Sources */ = {isa = PBXBuildFile; fileRef = 1C98C8262A67265300F93653 /* TrackRecordCellScreen.swift */; };
		1C98C8292A67268F00F93653 /* HeaderStandings.swift in Sources */ = {isa = PBXBuildFile; fileRef = 1C98C8282A67268F00F93653 /* HeaderStandings.swift */; };
		1C98C82B2A6726AA00F93653 /* StandingsTableViewCell.swift in Sources */ = {isa = PBXBuildFile; fileRef = 1C98C82A2A6726AA00F93653 /* StandingsTableViewCell.swift */; };
		1C98C82D2A6726CF00F93653 /* CustomStandingsTableViewScreen.swift in Sources */ = {isa = PBXBuildFile; fileRef = 1C98C82C2A6726CF00F93653 /* CustomStandingsTableViewScreen.swift */; };
		1C98C82F2A67273500F93653 /* StandingsService.swift in Sources */ = {isa = PBXBuildFile; fileRef = 1C98C82E2A67273500F93653 /* StandingsService.swift */; };
		1C98C8312A67275200F93653 /* CircuitService.swift in Sources */ = {isa = PBXBuildFile; fileRef = 1C98C8302A67275200F93653 /* CircuitService.swift */; };
		1C98C8352A6728F200F93653 /* seasonCircuitInfo.json in Resources */ = {isa = PBXBuildFile; fileRef = 1C98C8342A6728F200F93653 /* seasonCircuitInfo.json */; };
		1CCCE3062A6ACE0D008C6EC6 /* DriverStatsViewModel.swift in Sources */ = {isa = PBXBuildFile; fileRef = 1CCCE3052A6ACE0D008C6EC6 /* DriverStatsViewModel.swift */; };
		1CCCE3082A6ACF72008C6EC6 /* DriverStatsViewController.swift in Sources */ = {isa = PBXBuildFile; fileRef = 1CCCE3072A6ACF72008C6EC6 /* DriverStatsViewController.swift */; };
		1CCCE30B2A6AD33F008C6EC6 /* DriverStatsScreen.swift in Sources */ = {isa = PBXBuildFile; fileRef = 1CCCE30A2A6AD33F008C6EC6 /* DriverStatsScreen.swift */; };
		1CCCE30F2A6AD4A1008C6EC6 /* DriverStatsCustomTableViewCell.swift in Sources */ = {isa = PBXBuildFile; fileRef = 1CCCE30E2A6AD4A1008C6EC6 /* DriverStatsCustomTableViewCell.swift */; };
		1CCCE3112A6AD4D6008C6EC6 /* DriverStatsCustomTableViewCellScreen.swift in Sources */ = {isa = PBXBuildFile; fileRef = 1CCCE3102A6AD4D6008C6EC6 /* DriverStatsCustomTableViewCellScreen.swift */; };
		1CCCE3132A6AD4F7008C6EC6 /* DriverStatsCustomCellViewModel.swift in Sources */ = {isa = PBXBuildFile; fileRef = 1CCCE3122A6AD4F7008C6EC6 /* DriverStatsCustomCellViewModel.swift */; };
		1CD92A5F2A6AEB5100D1F598 /* DriverDetailScreen.swift in Sources */ = {isa = PBXBuildFile; fileRef = 1CD92A5E2A6AEB5100D1F598 /* DriverDetailScreen.swift */; };
		1CD92A612A6AEC9600D1F598 /* DriverDetailViewController.swift in Sources */ = {isa = PBXBuildFile; fileRef = 1CD92A602A6AEC9600D1F598 /* DriverDetailViewController.swift */; };
		1CD92A632A6AED8200D1F598 /* DriversDetailViewModel.swift in Sources */ = {isa = PBXBuildFile; fileRef = 1CD92A622A6AED8200D1F598 /* DriversDetailViewModel.swift */; };
		1CD92A652A6AEDF100D1F598 /* DriversDetailModel.swift in Sources */ = {isa = PBXBuildFile; fileRef = 1CD92A642A6AEDF100D1F598 /* DriversDetailModel.swift */; };
		1CD92A682A6AF1BA00D1F598 /* DriverDetailService.swift in Sources */ = {isa = PBXBuildFile; fileRef = 1CD92A672A6AF1BA00D1F598 /* DriverDetailService.swift */; };
		1CD92A6C2A6AF85700D1F598 /* DriverDetailCustomTableViewCell.swift in Sources */ = {isa = PBXBuildFile; fileRef = 1CD92A6B2A6AF85700D1F598 /* DriverDetailCustomTableViewCell.swift */; };
		1CD92A6E2A6AF89C00D1F598 /* DriverDetailCustomTableViewCellScreen.swift in Sources */ = {isa = PBXBuildFile; fileRef = 1CD92A6D2A6AF89C00D1F598 /* DriverDetailCustomTableViewCellScreen.swift */; };
		1CD92A702A6AF8BC00D1F598 /* DriverDetailCustomCellViewModel.swift in Sources */ = {isa = PBXBuildFile; fileRef = 1CD92A6F2A6AF8BC00D1F598 /* DriverDetailCustomCellViewModel.swift */; };
		1CE86BB32A61BA8D00B4022C /* Color.swift in Sources */ = {isa = PBXBuildFile; fileRef = 1CE86BB22A61BA8C00B4022C /* Color.swift */; };
		1CE86BB82A61BF6500B4022C /* HomeScreenView.swift in Sources */ = {isa = PBXBuildFile; fileRef = 1CE86BB72A61BF6500B4022C /* HomeScreenView.swift */; };
		1CE86BBC2A61C4C700B4022C /* TabBarViewController.swift in Sources */ = {isa = PBXBuildFile; fileRef = 1CE86BBB2A61C4C700B4022C /* TabBarViewController.swift */; };
		378DB0876FE27158EB007276 /* Pods_FastLaneF1.framework in Frameworks */ = {isa = PBXBuildFile; fileRef = E462BBE014CF25614D26ECD9 /* Pods_FastLaneF1.framework */; };
		847C69646CF86C1CE70EF76F /* Pods_FastLaneF1_FastLaneF1UITests.framework in Frameworks */ = {isa = PBXBuildFile; fileRef = 5CE6A7FB3A9536ACE1CC35B3 /* Pods_FastLaneF1_FastLaneF1UITests.framework */; };
		B8884D379246816B74742FC0 /* Pods_FastLaneF1Tests.framework in Frameworks */ = {isa = PBXBuildFile; fileRef = 6A62C01F564194869D9D012D /* Pods_FastLaneF1Tests.framework */; };
/* End PBXBuildFile section */

/* Begin PBXContainerItemProxy section */
		1C06DCDE2A61B12500FD02FB /* PBXContainerItemProxy */ = {
			isa = PBXContainerItemProxy;
			containerPortal = 1C06DCBF2A61B12400FD02FB /* Project object */;
			proxyType = 1;
			remoteGlobalIDString = 1C06DCC62A61B12400FD02FB;
			remoteInfo = FastLaneF1;
		};
		1C06DCE82A61B12500FD02FB /* PBXContainerItemProxy */ = {
			isa = PBXContainerItemProxy;
			containerPortal = 1C06DCBF2A61B12400FD02FB /* Project object */;
			proxyType = 1;
			remoteGlobalIDString = 1C06DCC62A61B12400FD02FB;
			remoteInfo = FastLaneF1;
		};
/* End PBXContainerItemProxy section */

/* Begin PBXFileReference section */
		1BC58D03C7242CC5A3D88FE6 /* Pods-FastLaneF1Tests.release.xcconfig */ = {isa = PBXFileReference; includeInIndex = 1; lastKnownFileType = text.xcconfig; name = "Pods-FastLaneF1Tests.release.xcconfig"; path = "Target Support Files/Pods-FastLaneF1Tests/Pods-FastLaneF1Tests.release.xcconfig"; sourceTree = "<group>"; };
		1C06DCC72A61B12400FD02FB /* FastLaneF1.app */ = {isa = PBXFileReference; explicitFileType = wrapper.application; includeInIndex = 0; path = FastLaneF1.app; sourceTree = BUILT_PRODUCTS_DIR; };
		1C06DCCA2A61B12400FD02FB /* AppDelegate.swift */ = {isa = PBXFileReference; lastKnownFileType = sourcecode.swift; path = AppDelegate.swift; sourceTree = "<group>"; };
		1C06DCCC2A61B12400FD02FB /* SceneDelegate.swift */ = {isa = PBXFileReference; lastKnownFileType = sourcecode.swift; path = SceneDelegate.swift; sourceTree = "<group>"; };
		1C06DCCE2A61B12400FD02FB /* HomeViewController.swift */ = {isa = PBXFileReference; lastKnownFileType = sourcecode.swift; path = HomeViewController.swift; sourceTree = "<group>"; };
		1C06DCD32A61B12500FD02FB /* Assets.xcassets */ = {isa = PBXFileReference; lastKnownFileType = folder.assetcatalog; path = Assets.xcassets; sourceTree = "<group>"; };
		1C06DCD62A61B12500FD02FB /* Base */ = {isa = PBXFileReference; lastKnownFileType = file.storyboard; name = Base; path = Base.lproj/LaunchScreen.storyboard; sourceTree = "<group>"; };
		1C06DCD82A61B12500FD02FB /* Info.plist */ = {isa = PBXFileReference; lastKnownFileType = text.plist.xml; path = Info.plist; sourceTree = "<group>"; };
		1C06DCDD2A61B12500FD02FB /* FastLaneF1Tests.xctest */ = {isa = PBXFileReference; explicitFileType = wrapper.cfbundle; includeInIndex = 0; path = FastLaneF1Tests.xctest; sourceTree = BUILT_PRODUCTS_DIR; };
		1C06DCE12A61B12500FD02FB /* FastLaneF1Tests.swift */ = {isa = PBXFileReference; lastKnownFileType = sourcecode.swift; path = FastLaneF1Tests.swift; sourceTree = "<group>"; };
		1C06DCE72A61B12500FD02FB /* FastLaneF1UITests.xctest */ = {isa = PBXFileReference; explicitFileType = wrapper.cfbundle; includeInIndex = 0; path = FastLaneF1UITests.xctest; sourceTree = BUILT_PRODUCTS_DIR; };
		1C06DCEB2A61B12500FD02FB /* FastLaneF1UITests.swift */ = {isa = PBXFileReference; lastKnownFileType = sourcecode.swift; path = FastLaneF1UITests.swift; sourceTree = "<group>"; };
		1C06DCED2A61B12500FD02FB /* FastLaneF1UITestsLaunchTests.swift */ = {isa = PBXFileReference; lastKnownFileType = sourcecode.swift; path = FastLaneF1UITestsLaunchTests.swift; sourceTree = "<group>"; };
		1C5484672A658688000EB373 /* GenericService.swift */ = {isa = PBXFileReference; lastKnownFileType = sourcecode.swift; path = GenericService.swift; sourceTree = "<group>"; };
		1C54846A2A658C94000EB373 /* HomeTableViewCell.swift */ = {isa = PBXFileReference; lastKnownFileType = sourcecode.swift; path = HomeTableViewCell.swift; sourceTree = "<group>"; };
		1C54846D2A658DEF000EB373 /* UpcomingEventCell.swift */ = {isa = PBXFileReference; lastKnownFileType = sourcecode.swift; path = UpcomingEventCell.swift; sourceTree = "<group>"; };
		1C74BC422A65AEF00017F11D /* ChampionshipStandingsCell.swift */ = {isa = PBXFileReference; lastKnownFileType = sourcecode.swift; path = ChampionshipStandingsCell.swift; sourceTree = "<group>"; };
		1C74BC442A65B0380017F11D /* LatestResultCell.swift */ = {isa = PBXFileReference; lastKnownFileType = sourcecode.swift; path = LatestResultCell.swift; sourceTree = "<group>"; };
		1C74BC462A65B2910017F11D /* ScheduleCell.swift */ = {isa = PBXFileReference; lastKnownFileType = sourcecode.swift; path = ScheduleCell.swift; sourceTree = "<group>"; };
		1C782B322A6849D80018C5B4 /* ClassificationScreen.swift */ = {isa = PBXFileReference; lastKnownFileType = sourcecode.swift; path = ClassificationScreen.swift; sourceTree = "<group>"; };
		1C782B342A684EE00018C5B4 /* ClassificationViewController.swift */ = {isa = PBXFileReference; lastKnownFileType = sourcecode.swift; path = ClassificationViewController.swift; sourceTree = "<group>"; };
		1C782B362A684F740018C5B4 /* ClassificationModel.swift */ = {isa = PBXFileReference; lastKnownFileType = sourcecode.swift; path = ClassificationModel.swift; sourceTree = "<group>"; };
		1C782B382A684F9B0018C5B4 /* DriverStatsDriverViewModel.swift */ = {isa = PBXFileReference; lastKnownFileType = sourcecode.swift; path = DriverStatsDriverViewModel.swift; sourceTree = "<group>"; };
		1C782B3D2A68501D0018C5B4 /* DriversCustomTableViewCellScreen.swift */ = {isa = PBXFileReference; lastKnownFileType = sourcecode.swift; path = DriversCustomTableViewCellScreen.swift; sourceTree = "<group>"; };
		1C782B3F2A6850420018C5B4 /* DriversCustomTableViewCell.swift */ = {isa = PBXFileReference; lastKnownFileType = sourcecode.swift; path = DriversCustomTableViewCell.swift; sourceTree = "<group>"; };
		1C782B412A6850670018C5B4 /* DriverCustomCellViewModel.swift */ = {isa = PBXFileReference; lastKnownFileType = sourcecode.swift; path = DriverCustomCellViewModel.swift; sourceTree = "<group>"; };
		1C782B432A6853400018C5B4 /* DriversService.swift */ = {isa = PBXFileReference; lastKnownFileType = sourcecode.swift; path = DriversService.swift; sourceTree = "<group>"; };
		1C782B462A685C410018C5B4 /* ClassificationConstructorViewModel.swift */ = {isa = PBXFileReference; lastKnownFileType = sourcecode.swift; path = ClassificationConstructorViewModel.swift; sourceTree = "<group>"; };
		1C782B482A685CD60018C5B4 /* ConstructorService.swift */ = {isa = PBXFileReference; lastKnownFileType = sourcecode.swift; path = ConstructorService.swift; sourceTree = "<group>"; };
		1C782B4C2A685E930018C5B4 /* ConstructorCustomTableViewCell.swift */ = {isa = PBXFileReference; lastKnownFileType = sourcecode.swift; path = ConstructorCustomTableViewCell.swift; sourceTree = "<group>"; };
		1C782B4E2A685EE50018C5B4 /* ConstructorCustomTableViewCellScreen.swift */ = {isa = PBXFileReference; lastKnownFileType = sourcecode.swift; path = ConstructorCustomTableViewCellScreen.swift; sourceTree = "<group>"; };
		1C782B502A685F090018C5B4 /* ConstructorCustomCellViewModel.swift */ = {isa = PBXFileReference; lastKnownFileType = sourcecode.swift; path = ConstructorCustomCellViewModel.swift; sourceTree = "<group>"; };
		1C98C7F62A6717F400F93653 /* ScheduleModel.swift */ = {isa = PBXFileReference; lastKnownFileType = sourcecode.swift; path = ScheduleModel.swift; sourceTree = "<group>"; };
		1C98C7F82A67183300F93653 /* ScheduleViewController.swift */ = {isa = PBXFileReference; lastKnownFileType = sourcecode.swift; path = ScheduleViewController.swift; sourceTree = "<group>"; };
		1C98C7FA2A67185D00F93653 /* ScheduleScreen.swift */ = {isa = PBXFileReference; lastKnownFileType = sourcecode.swift; path = ScheduleScreen.swift; sourceTree = "<group>"; };
		1C98C7FC2A67188200F93653 /* ScheduleViewModel.swift */ = {isa = PBXFileReference; lastKnownFileType = sourcecode.swift; path = ScheduleViewModel.swift; sourceTree = "<group>"; };
		1C98C7FE2A6718BF00F93653 /* ScheduleCellScreen.swift */ = {isa = PBXFileReference; lastKnownFileType = sourcecode.swift; path = ScheduleCellScreen.swift; sourceTree = "<group>"; };
		1C98C8002A6718E600F93653 /* ScheduleCellViewModel.swift */ = {isa = PBXFileReference; lastKnownFileType = sourcecode.swift; path = ScheduleCellViewModel.swift; sourceTree = "<group>"; };
		1C98C8022A67191900F93653 /* ScheduleCustomTableViewCell.swift */ = {isa = PBXFileReference; lastKnownFileType = sourcecode.swift; path = ScheduleCustomTableViewCell.swift; sourceTree = "<group>"; };
		1C98C8042A67193F00F93653 /* ScheduleService.swift */ = {isa = PBXFileReference; lastKnownFileType = sourcecode.swift; path = ScheduleService.swift; sourceTree = "<group>"; };
		1C98C8072A671AE700F93653 /* schedule.json */ = {isa = PBXFileReference; lastKnownFileType = text.json; path = schedule.json; sourceTree = "<group>"; };
		1C98C80E2A67248900F93653 /* EventModel.swift */ = {isa = PBXFileReference; lastKnownFileType = sourcecode.swift; path = EventModel.swift; sourceTree = "<group>"; };
		1C98C8102A6724A900F93653 /* EventViewModel.swift */ = {isa = PBXFileReference; lastKnownFileType = sourcecode.swift; path = EventViewModel.swift; sourceTree = "<group>"; };
		1C98C8122A6724D000F93653 /* EventViewController.swift */ = {isa = PBXFileReference; lastKnownFileType = sourcecode.swift; path = EventViewController.swift; sourceTree = "<group>"; };
		1C98C8152A67251500F93653 /* EventScreen.swift */ = {isa = PBXFileReference; lastKnownFileType = sourcecode.swift; path = EventScreen.swift; sourceTree = "<group>"; };
		1C98C8192A67258300F93653 /* TableTrackTableViewCell.swift */ = {isa = PBXFileReference; lastKnownFileType = sourcecode.swift; path = TableTrackTableViewCell.swift; sourceTree = "<group>"; };
		1C98C81C2A6725B600F93653 /* FirstGrandPrixCellScreen.swift */ = {isa = PBXFileReference; lastKnownFileType = sourcecode.swift; path = FirstGrandPrixCellScreen.swift; sourceTree = "<group>"; };
		1C98C81E2A6725D400F93653 /* TrackImageCellScreen.swift */ = {isa = PBXFileReference; lastKnownFileType = sourcecode.swift; path = TrackImageCellScreen.swift; sourceTree = "<group>"; };
		1C98C8202A6725F100F93653 /* CircuitLenghtCellScreen.swift */ = {isa = PBXFileReference; lastKnownFileType = sourcecode.swift; path = CircuitLenghtCellScreen.swift; sourceTree = "<group>"; };
		1C98C8222A67261800F93653 /* RaceLapsCellScreen.swift */ = {isa = PBXFileReference; lastKnownFileType = sourcecode.swift; path = RaceLapsCellScreen.swift; sourceTree = "<group>"; };
		1C98C8242A67263400F93653 /* RaceDistanceCellScreen.swift */ = {isa = PBXFileReference; lastKnownFileType = sourcecode.swift; path = RaceDistanceCellScreen.swift; sourceTree = "<group>"; };
		1C98C8262A67265300F93653 /* TrackRecordCellScreen.swift */ = {isa = PBXFileReference; lastKnownFileType = sourcecode.swift; path = TrackRecordCellScreen.swift; sourceTree = "<group>"; };
		1C98C8282A67268F00F93653 /* HeaderStandings.swift */ = {isa = PBXFileReference; lastKnownFileType = sourcecode.swift; path = HeaderStandings.swift; sourceTree = "<group>"; };
		1C98C82A2A6726AA00F93653 /* StandingsTableViewCell.swift */ = {isa = PBXFileReference; lastKnownFileType = sourcecode.swift; path = StandingsTableViewCell.swift; sourceTree = "<group>"; };
		1C98C82C2A6726CF00F93653 /* CustomStandingsTableViewScreen.swift */ = {isa = PBXFileReference; lastKnownFileType = sourcecode.swift; path = CustomStandingsTableViewScreen.swift; sourceTree = "<group>"; };
		1C98C82E2A67273500F93653 /* StandingsService.swift */ = {isa = PBXFileReference; lastKnownFileType = sourcecode.swift; path = StandingsService.swift; sourceTree = "<group>"; };
		1C98C8302A67275200F93653 /* CircuitService.swift */ = {isa = PBXFileReference; lastKnownFileType = sourcecode.swift; path = CircuitService.swift; sourceTree = "<group>"; };
		1C98C8342A6728F200F93653 /* seasonCircuitInfo.json */ = {isa = PBXFileReference; lastKnownFileType = text.json; path = seasonCircuitInfo.json; sourceTree = "<group>"; };
		1CCCE3052A6ACE0D008C6EC6 /* DriverStatsViewModel.swift */ = {isa = PBXFileReference; lastKnownFileType = sourcecode.swift; path = DriverStatsViewModel.swift; sourceTree = "<group>"; };
		1CCCE3072A6ACF72008C6EC6 /* DriverStatsViewController.swift */ = {isa = PBXFileReference; lastKnownFileType = sourcecode.swift; path = DriverStatsViewController.swift; sourceTree = "<group>"; };
		1CCCE30A2A6AD33F008C6EC6 /* DriverStatsScreen.swift */ = {isa = PBXFileReference; lastKnownFileType = sourcecode.swift; path = DriverStatsScreen.swift; sourceTree = "<group>"; };
		1CCCE30E2A6AD4A1008C6EC6 /* DriverStatsCustomTableViewCell.swift */ = {isa = PBXFileReference; lastKnownFileType = sourcecode.swift; path = DriverStatsCustomTableViewCell.swift; sourceTree = "<group>"; };
		1CCCE3102A6AD4D6008C6EC6 /* DriverStatsCustomTableViewCellScreen.swift */ = {isa = PBXFileReference; lastKnownFileType = sourcecode.swift; path = DriverStatsCustomTableViewCellScreen.swift; sourceTree = "<group>"; };
		1CCCE3122A6AD4F7008C6EC6 /* DriverStatsCustomCellViewModel.swift */ = {isa = PBXFileReference; lastKnownFileType = sourcecode.swift; path = DriverStatsCustomCellViewModel.swift; sourceTree = "<group>"; };
		1CD92A5E2A6AEB5100D1F598 /* DriverDetailScreen.swift */ = {isa = PBXFileReference; lastKnownFileType = sourcecode.swift; path = DriverDetailScreen.swift; sourceTree = "<group>"; };
		1CD92A602A6AEC9600D1F598 /* DriverDetailViewController.swift */ = {isa = PBXFileReference; lastKnownFileType = sourcecode.swift; path = DriverDetailViewController.swift; sourceTree = "<group>"; };
		1CD92A622A6AED8200D1F598 /* DriversDetailViewModel.swift */ = {isa = PBXFileReference; lastKnownFileType = sourcecode.swift; path = DriversDetailViewModel.swift; sourceTree = "<group>"; };
		1CD92A642A6AEDF100D1F598 /* DriversDetailModel.swift */ = {isa = PBXFileReference; lastKnownFileType = sourcecode.swift; path = DriversDetailModel.swift; sourceTree = "<group>"; };
		1CD92A672A6AF1BA00D1F598 /* DriverDetailService.swift */ = {isa = PBXFileReference; lastKnownFileType = sourcecode.swift; path = DriverDetailService.swift; sourceTree = "<group>"; };
		1CD92A6B2A6AF85700D1F598 /* DriverDetailCustomTableViewCell.swift */ = {isa = PBXFileReference; lastKnownFileType = sourcecode.swift; path = DriverDetailCustomTableViewCell.swift; sourceTree = "<group>"; };
		1CD92A6D2A6AF89C00D1F598 /* DriverDetailCustomTableViewCellScreen.swift */ = {isa = PBXFileReference; lastKnownFileType = sourcecode.swift; path = DriverDetailCustomTableViewCellScreen.swift; sourceTree = "<group>"; };
		1CD92A6F2A6AF8BC00D1F598 /* DriverDetailCustomCellViewModel.swift */ = {isa = PBXFileReference; lastKnownFileType = sourcecode.swift; path = DriverDetailCustomCellViewModel.swift; sourceTree = "<group>"; };
		1CE86BB22A61BA8C00B4022C /* Color.swift */ = {isa = PBXFileReference; lastKnownFileType = sourcecode.swift; path = Color.swift; sourceTree = "<group>"; };
		1CE86BB72A61BF6500B4022C /* HomeScreenView.swift */ = {isa = PBXFileReference; lastKnownFileType = sourcecode.swift; path = HomeScreenView.swift; sourceTree = "<group>"; };
		1CE86BBB2A61C4C700B4022C /* TabBarViewController.swift */ = {isa = PBXFileReference; lastKnownFileType = sourcecode.swift; path = TabBarViewController.swift; sourceTree = "<group>"; };
		5B71B240A2C3D70BF7656A54 /* Pods-FastLaneF1.release.xcconfig */ = {isa = PBXFileReference; includeInIndex = 1; lastKnownFileType = text.xcconfig; name = "Pods-FastLaneF1.release.xcconfig"; path = "Target Support Files/Pods-FastLaneF1/Pods-FastLaneF1.release.xcconfig"; sourceTree = "<group>"; };
		5CE6A7FB3A9536ACE1CC35B3 /* Pods_FastLaneF1_FastLaneF1UITests.framework */ = {isa = PBXFileReference; explicitFileType = wrapper.framework; includeInIndex = 0; path = Pods_FastLaneF1_FastLaneF1UITests.framework; sourceTree = BUILT_PRODUCTS_DIR; };
		6A62C01F564194869D9D012D /* Pods_FastLaneF1Tests.framework */ = {isa = PBXFileReference; explicitFileType = wrapper.framework; includeInIndex = 0; path = Pods_FastLaneF1Tests.framework; sourceTree = BUILT_PRODUCTS_DIR; };
		88EFF8A8D24ECADD11FE4EA6 /* Pods-FastLaneF1-FastLaneF1UITests.release.xcconfig */ = {isa = PBXFileReference; includeInIndex = 1; lastKnownFileType = text.xcconfig; name = "Pods-FastLaneF1-FastLaneF1UITests.release.xcconfig"; path = "Target Support Files/Pods-FastLaneF1-FastLaneF1UITests/Pods-FastLaneF1-FastLaneF1UITests.release.xcconfig"; sourceTree = "<group>"; };
		A2E239CB7FA33AE6912AA836 /* Pods-FastLaneF1.debug.xcconfig */ = {isa = PBXFileReference; includeInIndex = 1; lastKnownFileType = text.xcconfig; name = "Pods-FastLaneF1.debug.xcconfig"; path = "Target Support Files/Pods-FastLaneF1/Pods-FastLaneF1.debug.xcconfig"; sourceTree = "<group>"; };
		B1291613470D3E21C8663FAF /* Pods-FastLaneF1-FastLaneF1UITests.debug.xcconfig */ = {isa = PBXFileReference; includeInIndex = 1; lastKnownFileType = text.xcconfig; name = "Pods-FastLaneF1-FastLaneF1UITests.debug.xcconfig"; path = "Target Support Files/Pods-FastLaneF1-FastLaneF1UITests/Pods-FastLaneF1-FastLaneF1UITests.debug.xcconfig"; sourceTree = "<group>"; };
		E462BBE014CF25614D26ECD9 /* Pods_FastLaneF1.framework */ = {isa = PBXFileReference; explicitFileType = wrapper.framework; includeInIndex = 0; path = Pods_FastLaneF1.framework; sourceTree = BUILT_PRODUCTS_DIR; };
		F62859D5DCBC8C99371E47B0 /* Pods-FastLaneF1Tests.debug.xcconfig */ = {isa = PBXFileReference; includeInIndex = 1; lastKnownFileType = text.xcconfig; name = "Pods-FastLaneF1Tests.debug.xcconfig"; path = "Target Support Files/Pods-FastLaneF1Tests/Pods-FastLaneF1Tests.debug.xcconfig"; sourceTree = "<group>"; };
/* End PBXFileReference section */

/* Begin PBXFrameworksBuildPhase section */
		1C06DCC42A61B12400FD02FB /* Frameworks */ = {
			isa = PBXFrameworksBuildPhase;
			buildActionMask = 2147483647;
			files = (
				378DB0876FE27158EB007276 /* Pods_FastLaneF1.framework in Frameworks */,
			);
			runOnlyForDeploymentPostprocessing = 0;
		};
		1C06DCDA2A61B12500FD02FB /* Frameworks */ = {
			isa = PBXFrameworksBuildPhase;
			buildActionMask = 2147483647;
			files = (
				B8884D379246816B74742FC0 /* Pods_FastLaneF1Tests.framework in Frameworks */,
			);
			runOnlyForDeploymentPostprocessing = 0;
		};
		1C06DCE42A61B12500FD02FB /* Frameworks */ = {
			isa = PBXFrameworksBuildPhase;
			buildActionMask = 2147483647;
			files = (
				847C69646CF86C1CE70EF76F /* Pods_FastLaneF1_FastLaneF1UITests.framework in Frameworks */,
			);
			runOnlyForDeploymentPostprocessing = 0;
		};
/* End PBXFrameworksBuildPhase section */

/* Begin PBXGroup section */
		1C06DCBE2A61B12400FD02FB = {
			isa = PBXGroup;
			children = (
				1C06DCC92A61B12400FD02FB /* FastLaneF1 */,
				1C06DCE02A61B12500FD02FB /* FastLaneF1Tests */,
				1C06DCEA2A61B12500FD02FB /* FastLaneF1UITests */,
				1C06DCC82A61B12400FD02FB /* Products */,
				3643736DCF448DFD594555FD /* Pods */,
				61F897575F125C7A6C94D9AC /* Frameworks */,
			);
			sourceTree = "<group>";
		};
		1C06DCC82A61B12400FD02FB /* Products */ = {
			isa = PBXGroup;
			children = (
				1C06DCC72A61B12400FD02FB /* FastLaneF1.app */,
				1C06DCDD2A61B12500FD02FB /* FastLaneF1Tests.xctest */,
				1C06DCE72A61B12500FD02FB /* FastLaneF1UITests.xctest */,
			);
			name = Products;
			sourceTree = "<group>";
		};
		1C06DCC92A61B12400FD02FB /* FastLaneF1 */ = {
			isa = PBXGroup;
			children = (
				1C98C8062A671AC000F93653 /* Json */,
				1CE86BB12A61BA7B00B4022C /* Preview Content */,
				1C5484662A658679000EB373 /* Service */,
				1CE86BB92A61C49000B4022C /* TabBar */,
				1C06DCFA2A61B4A300FD02FB /* Home */,
				1C782B2D2A6849480018C5B4 /* Classification */,
				1CCCE2FD2A6ACC25008C6EC6 /* DriverStats */,
				1C98C7EE2A67171200F93653 /* Schedule */,
				1C06DCCA2A61B12400FD02FB /* AppDelegate.swift */,
				1C06DCCC2A61B12400FD02FB /* SceneDelegate.swift */,
				1C06DCD32A61B12500FD02FB /* Assets.xcassets */,
				1C06DCD52A61B12500FD02FB /* LaunchScreen.storyboard */,
				1C06DCD82A61B12500FD02FB /* Info.plist */,
			);
			path = FastLaneF1;
			sourceTree = "<group>";
		};
		1C06DCE02A61B12500FD02FB /* FastLaneF1Tests */ = {
			isa = PBXGroup;
			children = (
				1C06DCE12A61B12500FD02FB /* FastLaneF1Tests.swift */,
			);
			path = FastLaneF1Tests;
			sourceTree = "<group>";
		};
		1C06DCEA2A61B12500FD02FB /* FastLaneF1UITests */ = {
			isa = PBXGroup;
			children = (
				1C06DCEB2A61B12500FD02FB /* FastLaneF1UITests.swift */,
				1C06DCED2A61B12500FD02FB /* FastLaneF1UITestsLaunchTests.swift */,
			);
			path = FastLaneF1UITests;
			sourceTree = "<group>";
		};
		1C06DCFA2A61B4A300FD02FB /* Home */ = {
			isa = PBXGroup;
			children = (
				1C5484692A658C2F000EB373 /* TableVIewCell */,
				1C06DCFB2A61B4AE00FD02FB /* View */,
			);
			path = Home;
			sourceTree = "<group>";
		};
		1C06DCFB2A61B4AE00FD02FB /* View */ = {
			isa = PBXGroup;
			children = (
				1C06DCCE2A61B12400FD02FB /* HomeViewController.swift */,
				1CE86BB42A61BECC00B4022C /* Screen */,
			);
			path = View;
			sourceTree = "<group>";
		};
		1C5484662A658679000EB373 /* Service */ = {
			isa = PBXGroup;
			children = (
				1C782B432A6853400018C5B4 /* DriversService.swift */,
				1C782B482A685CD60018C5B4 /* ConstructorService.swift */,
				1C98C8042A67193F00F93653 /* ScheduleService.swift */,
				1C98C82E2A67273500F93653 /* StandingsService.swift */,
				1C98C8302A67275200F93653 /* CircuitService.swift */,
				1CD92A672A6AF1BA00D1F598 /* DriverDetailService.swift */,
				1C5484672A658688000EB373 /* GenericService.swift */,
			);
			path = Service;
			sourceTree = "<group>";
		};
		1C5484692A658C2F000EB373 /* TableVIewCell */ = {
			isa = PBXGroup;
			children = (
				1C54846C2A658DCB000EB373 /* Cells */,
				1C54846A2A658C94000EB373 /* HomeTableViewCell.swift */,
			);
			path = TableVIewCell;
			sourceTree = "<group>";
		};
		1C54846C2A658DCB000EB373 /* Cells */ = {
			isa = PBXGroup;
			children = (
				1C54846D2A658DEF000EB373 /* UpcomingEventCell.swift */,
				1C74BC442A65B0380017F11D /* LatestResultCell.swift */,
				1C74BC422A65AEF00017F11D /* ChampionshipStandingsCell.swift */,
				1C74BC462A65B2910017F11D /* ScheduleCell.swift */,
			);
			path = Cells;
			sourceTree = "<group>";
		};
		1C782B2D2A6849480018C5B4 /* Classification */ = {
			isa = PBXGroup;
			children = (
				1C782B3A2A684FD10018C5B4 /* DriversCell */,
				1C782B452A685AD70018C5B4 /* ConstructorsCell */,
				1C782B302A6849760018C5B4 /* Model */,
				1C782B2F2A68496A0018C5B4 /* View */,
				1C782B2E2A68495F0018C5B4 /* ViewModel */,
			);
			path = Classification;
			sourceTree = "<group>";
		};
		1C782B2E2A68495F0018C5B4 /* ViewModel */ = {
			isa = PBXGroup;
			children = (
				1C782B382A684F9B0018C5B4 /* DriverStatsDriverViewModel.swift */,
				1C782B462A685C410018C5B4 /* ClassificationConstructorViewModel.swift */,
			);
			path = ViewModel;
			sourceTree = "<group>";
		};
		1C782B2F2A68496A0018C5B4 /* View */ = {
			isa = PBXGroup;
			children = (
				1C782B312A6849C30018C5B4 /* Screen */,
				1C782B342A684EE00018C5B4 /* ClassificationViewController.swift */,
			);
			path = View;
			sourceTree = "<group>";
		};
		1C782B302A6849760018C5B4 /* Model */ = {
			isa = PBXGroup;
			children = (
				1C782B362A684F740018C5B4 /* ClassificationModel.swift */,
			);
			path = Model;
			sourceTree = "<group>";
		};
		1C782B312A6849C30018C5B4 /* Screen */ = {
			isa = PBXGroup;
			children = (
				1C782B322A6849D80018C5B4 /* ClassificationScreen.swift */,
			);
			path = Screen;
			sourceTree = "<group>";
		};
		1C782B3A2A684FD10018C5B4 /* DriversCell */ = {
			isa = PBXGroup;
			children = (
				1C782B3B2A684FE50018C5B4 /* View */,
				1C782B3C2A684FEC0018C5B4 /* ViewModel */,
				1C782B3F2A6850420018C5B4 /* DriversCustomTableViewCell.swift */,
			);
			path = DriversCell;
			sourceTree = "<group>";
		};
		1C782B3B2A684FE50018C5B4 /* View */ = {
			isa = PBXGroup;
			children = (
				1C782B3D2A68501D0018C5B4 /* DriversCustomTableViewCellScreen.swift */,
			);
			path = View;
			sourceTree = "<group>";
		};
		1C782B3C2A684FEC0018C5B4 /* ViewModel */ = {
			isa = PBXGroup;
			children = (
				1C782B412A6850670018C5B4 /* DriverCustomCellViewModel.swift */,
			);
			path = ViewModel;
			sourceTree = "<group>";
		};
		1C782B452A685AD70018C5B4 /* ConstructorsCell */ = {
			isa = PBXGroup;
			children = (
				1C782B4B2A685E750018C5B4 /* View */,
				1C782B4A2A685E6B0018C5B4 /* ViewModel */,
				1C782B4C2A685E930018C5B4 /* ConstructorCustomTableViewCell.swift */,
			);
			path = ConstructorsCell;
			sourceTree = "<group>";
		};
		1C782B4A2A685E6B0018C5B4 /* ViewModel */ = {
			isa = PBXGroup;
			children = (
				1C782B502A685F090018C5B4 /* ConstructorCustomCellViewModel.swift */,
			);
			path = ViewModel;
			sourceTree = "<group>";
		};
		1C782B4B2A685E750018C5B4 /* View */ = {
			isa = PBXGroup;
			children = (
				1C782B4E2A685EE50018C5B4 /* ConstructorCustomTableViewCellScreen.swift */,
			);
			path = View;
			sourceTree = "<group>";
		};
		1C98C7EE2A67171200F93653 /* Schedule */ = {
			isa = PBXGroup;
			children = (
				1C98C8092A67233000F93653 /* ScheduleSection */,
				1C98C80A2A6723C900F93653 /* EventDetail */,
			);
			path = Schedule;
			sourceTree = "<group>";
		};
		1C98C7EF2A67175B00F93653 /* Cell */ = {
			isa = PBXGroup;
			children = (
				1C98C7F52A6717C000F93653 /* ViewModel */,
				1C98C7F42A6717B700F93653 /* View */,
				1C98C8022A67191900F93653 /* ScheduleCustomTableViewCell.swift */,
			);
			path = Cell;
			sourceTree = "<group>";
		};
		1C98C7F02A67176200F93653 /* Model */ = {
			isa = PBXGroup;
			children = (
				1C98C7F62A6717F400F93653 /* ScheduleModel.swift */,
			);
			path = Model;
			sourceTree = "<group>";
		};
		1C98C7F12A67177200F93653 /* View */ = {
			isa = PBXGroup;
			children = (
				1C98C7F32A6717A800F93653 /* Screen */,
				1C98C7F82A67183300F93653 /* ScheduleViewController.swift */,
			);
			path = View;
			sourceTree = "<group>";
		};
		1C98C7F22A67177A00F93653 /* ViewModel */ = {
			isa = PBXGroup;
			children = (
				1C98C7FC2A67188200F93653 /* ScheduleViewModel.swift */,
			);
			path = ViewModel;
			sourceTree = "<group>";
		};
		1C98C7F32A6717A800F93653 /* Screen */ = {
			isa = PBXGroup;
			children = (
				1C98C7FA2A67185D00F93653 /* ScheduleScreen.swift */,
			);
			path = Screen;
			sourceTree = "<group>";
		};
		1C98C7F42A6717B700F93653 /* View */ = {
			isa = PBXGroup;
			children = (
				1C98C7FE2A6718BF00F93653 /* ScheduleCellScreen.swift */,
			);
			path = View;
			sourceTree = "<group>";
		};
		1C98C7F52A6717C000F93653 /* ViewModel */ = {
			isa = PBXGroup;
			children = (
				1C98C8002A6718E600F93653 /* ScheduleCellViewModel.swift */,
			);
			path = ViewModel;
			sourceTree = "<group>";
		};
		1C98C8062A671AC000F93653 /* Json */ = {
			isa = PBXGroup;
			children = (
				1C98C8072A671AE700F93653 /* schedule.json */,
				1C98C8342A6728F200F93653 /* seasonCircuitInfo.json */,
			);
			path = Json;
			sourceTree = "<group>";
		};
		1C98C8092A67233000F93653 /* ScheduleSection */ = {
			isa = PBXGroup;
			children = (
				1C98C7EF2A67175B00F93653 /* Cell */,
				1C98C7F02A67176200F93653 /* Model */,
				1C98C7F12A67177200F93653 /* View */,
				1C98C7F22A67177A00F93653 /* ViewModel */,
			);
			path = ScheduleSection;
			sourceTree = "<group>";
		};
		1C98C80A2A6723C900F93653 /* EventDetail */ = {
			isa = PBXGroup;
			children = (
				1C98C80B2A67243D00F93653 /* Model */,
				1C98C80C2A67244E00F93653 /* View */,
				1C98C80D2A67245800F93653 /* ViewModel */,
			);
			path = EventDetail;
			sourceTree = "<group>";
		};
		1C98C80B2A67243D00F93653 /* Model */ = {
			isa = PBXGroup;
			children = (
				1C98C80E2A67248900F93653 /* EventModel.swift */,
			);
			path = Model;
			sourceTree = "<group>";
		};
		1C98C80C2A67244E00F93653 /* View */ = {
			isa = PBXGroup;
			children = (
				1C98C8142A6724DE00F93653 /* EventScreen */,
				1C98C8122A6724D000F93653 /* EventViewController.swift */,
			);
			path = View;
			sourceTree = "<group>";
		};
		1C98C80D2A67245800F93653 /* ViewModel */ = {
			isa = PBXGroup;
			children = (
				1C98C8102A6724A900F93653 /* EventViewModel.swift */,
			);
			path = ViewModel;
			sourceTree = "<group>";
		};
		1C98C8142A6724DE00F93653 /* EventScreen */ = {
			isa = PBXGroup;
			children = (
				1C98C8182A67254900F93653 /* StandingsScreen */,
				1C98C8172A67253200F93653 /* TrackScreen */,
				1C98C8152A67251500F93653 /* EventScreen.swift */,
			);
			path = EventScreen;
			sourceTree = "<group>";
		};
		1C98C8172A67253200F93653 /* TrackScreen */ = {
			isa = PBXGroup;
			children = (
				1C98C81B2A67259100F93653 /* Cells */,
				1C98C8192A67258300F93653 /* TableTrackTableViewCell.swift */,
			);
			path = TrackScreen;
			sourceTree = "<group>";
		};
		1C98C8182A67254900F93653 /* StandingsScreen */ = {
			isa = PBXGroup;
			children = (
				1C98C8282A67268F00F93653 /* HeaderStandings.swift */,
				1C98C82A2A6726AA00F93653 /* StandingsTableViewCell.swift */,
				1C98C82C2A6726CF00F93653 /* CustomStandingsTableViewScreen.swift */,
			);
			path = StandingsScreen;
			sourceTree = "<group>";
		};
		1C98C81B2A67259100F93653 /* Cells */ = {
			isa = PBXGroup;
			children = (
				1C98C81E2A6725D400F93653 /* TrackImageCellScreen.swift */,
				1C98C8202A6725F100F93653 /* CircuitLenghtCellScreen.swift */,
				1C98C8222A67261800F93653 /* RaceLapsCellScreen.swift */,
				1C98C81C2A6725B600F93653 /* FirstGrandPrixCellScreen.swift */,
				1C98C8242A67263400F93653 /* RaceDistanceCellScreen.swift */,
				1C98C8262A67265300F93653 /* TrackRecordCellScreen.swift */,
			);
			path = Cells;
			sourceTree = "<group>";
		};
		1CCCE2FD2A6ACC25008C6EC6 /* DriverStats */ = {
			isa = PBXGroup;
			children = (
				1CCCE3012A6ACC7C008C6EC6 /* DriverStatsCell */,
				1CCCE2FF2A6ACC66008C6EC6 /* View */,
				1CCCE2FE2A6ACC5A008C6EC6 /* ViewModel */,
				1CCCE3022A6ACC92008C6EC6 /* ScreenDetail */,
			);
			path = DriverStats;
			sourceTree = "<group>";
		};
		1CCCE2FE2A6ACC5A008C6EC6 /* ViewModel */ = {
			isa = PBXGroup;
			children = (
				1CCCE3052A6ACE0D008C6EC6 /* DriverStatsViewModel.swift */,
			);
			path = ViewModel;
			sourceTree = "<group>";
		};
		1CCCE2FF2A6ACC66008C6EC6 /* View */ = {
			isa = PBXGroup;
			children = (
				1CCCE3092A6AD32C008C6EC6 /* Screen */,
				1CCCE3072A6ACF72008C6EC6 /* DriverStatsViewController.swift */,
			);
			path = View;
			sourceTree = "<group>";
		};
		1CCCE3012A6ACC7C008C6EC6 /* DriverStatsCell */ = {
			isa = PBXGroup;
			children = (
				1CCCE30C2A6AD43D008C6EC6 /* View */,
				1CCCE30D2A6AD445008C6EC6 /* ViewModel */,
				1CCCE30E2A6AD4A1008C6EC6 /* DriverStatsCustomTableViewCell.swift */,
			);
			path = DriverStatsCell;
			sourceTree = "<group>";
		};
		1CCCE3022A6ACC92008C6EC6 /* ScreenDetail */ = {
			isa = PBXGroup;
			children = (
				1CD92A662A6AF04B00D1F598 /* DriverDetailCell */,
				1CD92A5C2A6AEAC500D1F598 /* Model */,
				1CCCE3042A6ACD1D008C6EC6 /* View */,
				1CCCE3032A6ACD0B008C6EC6 /* ViewModel */,
			);
			path = ScreenDetail;
			sourceTree = "<group>";
		};
		1CCCE3032A6ACD0B008C6EC6 /* ViewModel */ = {
			isa = PBXGroup;
			children = (
				1CD92A622A6AED8200D1F598 /* DriversDetailViewModel.swift */,
			);
			path = ViewModel;
			sourceTree = "<group>";
		};
		1CCCE3042A6ACD1D008C6EC6 /* View */ = {
			isa = PBXGroup;
			children = (
				1CD92A5D2A6AEB1800D1F598 /* Screen */,
				1CD92A602A6AEC9600D1F598 /* DriverDetailViewController.swift */,
			);
			path = View;
			sourceTree = "<group>";
		};
		1CCCE3092A6AD32C008C6EC6 /* Screen */ = {
			isa = PBXGroup;
			children = (
				1CCCE30A2A6AD33F008C6EC6 /* DriverStatsScreen.swift */,
			);
			path = Screen;
			sourceTree = "<group>";
		};
		1CCCE30C2A6AD43D008C6EC6 /* View */ = {
			isa = PBXGroup;
			children = (
				1CCCE3102A6AD4D6008C6EC6 /* DriverStatsCustomTableViewCellScreen.swift */,
			);
			path = View;
			sourceTree = "<group>";
		};
		1CCCE30D2A6AD445008C6EC6 /* ViewModel */ = {
			isa = PBXGroup;
			children = (
				1CCCE3122A6AD4F7008C6EC6 /* DriverStatsCustomCellViewModel.swift */,
			);
			path = ViewModel;
			sourceTree = "<group>";
		};
		1CD92A5C2A6AEAC500D1F598 /* Model */ = {
			isa = PBXGroup;
			children = (
				1CD92A642A6AEDF100D1F598 /* DriversDetailModel.swift */,
			);
			path = Model;
			sourceTree = "<group>";
		};
		1CD92A5D2A6AEB1800D1F598 /* Screen */ = {
			isa = PBXGroup;
			children = (
				1CD92A5E2A6AEB5100D1F598 /* DriverDetailScreen.swift */,
			);
			path = Screen;
			sourceTree = "<group>";
		};
		1CD92A662A6AF04B00D1F598 /* DriverDetailCell */ = {
			isa = PBXGroup;
			children = (
				1CD92A692A6AF83100D1F598 /* View */,
				1CD92A6A2A6AF83700D1F598 /* ViewModel */,
				1CD92A6B2A6AF85700D1F598 /* DriverDetailCustomTableViewCell.swift */,
			);
			path = DriverDetailCell;
			sourceTree = "<group>";
		};
		1CD92A692A6AF83100D1F598 /* View */ = {
			isa = PBXGroup;
			children = (
				1CD92A6D2A6AF89C00D1F598 /* DriverDetailCustomTableViewCellScreen.swift */,
			);
			path = View;
			sourceTree = "<group>";
		};
		1CD92A6A2A6AF83700D1F598 /* ViewModel */ = {
			isa = PBXGroup;
			children = (
				1CD92A6F2A6AF8BC00D1F598 /* DriverDetailCustomCellViewModel.swift */,
			);
			path = ViewModel;
			sourceTree = "<group>";
		};
		1CE86BB12A61BA7B00B4022C /* Preview Content */ = {
			isa = PBXGroup;
			children = (
				1CE86BB22A61BA8C00B4022C /* Color.swift */,
			);
			path = "Preview Content";
			sourceTree = "<group>";
		};
		1CE86BB42A61BECC00B4022C /* Screen */ = {
			isa = PBXGroup;
			children = (
				1CE86BB72A61BF6500B4022C /* HomeScreenView.swift */,
			);
			path = Screen;
			sourceTree = "<group>";
		};
		1CE86BB92A61C49000B4022C /* TabBar */ = {
			isa = PBXGroup;
			children = (
				1CE86BBA2A61C4A700B4022C /* ViewController */,
			);
			path = TabBar;
			sourceTree = "<group>";
		};
		1CE86BBA2A61C4A700B4022C /* ViewController */ = {
			isa = PBXGroup;
			children = (
				1CE86BBB2A61C4C700B4022C /* TabBarViewController.swift */,
			);
			path = ViewController;
			sourceTree = "<group>";
		};
		3643736DCF448DFD594555FD /* Pods */ = {
			isa = PBXGroup;
			children = (
				A2E239CB7FA33AE6912AA836 /* Pods-FastLaneF1.debug.xcconfig */,
				5B71B240A2C3D70BF7656A54 /* Pods-FastLaneF1.release.xcconfig */,
				B1291613470D3E21C8663FAF /* Pods-FastLaneF1-FastLaneF1UITests.debug.xcconfig */,
				88EFF8A8D24ECADD11FE4EA6 /* Pods-FastLaneF1-FastLaneF1UITests.release.xcconfig */,
				F62859D5DCBC8C99371E47B0 /* Pods-FastLaneF1Tests.debug.xcconfig */,
				1BC58D03C7242CC5A3D88FE6 /* Pods-FastLaneF1Tests.release.xcconfig */,
			);
			path = Pods;
			sourceTree = "<group>";
		};
		61F897575F125C7A6C94D9AC /* Frameworks */ = {
			isa = PBXGroup;
			children = (
				E462BBE014CF25614D26ECD9 /* Pods_FastLaneF1.framework */,
				5CE6A7FB3A9536ACE1CC35B3 /* Pods_FastLaneF1_FastLaneF1UITests.framework */,
				6A62C01F564194869D9D012D /* Pods_FastLaneF1Tests.framework */,
			);
			name = Frameworks;
			sourceTree = "<group>";
		};
/* End PBXGroup section */

/* Begin PBXNativeTarget section */
		1C06DCC62A61B12400FD02FB /* FastLaneF1 */ = {
			isa = PBXNativeTarget;
			buildConfigurationList = 1C06DCF12A61B12500FD02FB /* Build configuration list for PBXNativeTarget "FastLaneF1" */;
			buildPhases = (
				5DCA7B2F46E22C3430428E87 /* [CP] Check Pods Manifest.lock */,
				1C06DCC32A61B12400FD02FB /* Sources */,
				1C06DCC42A61B12400FD02FB /* Frameworks */,
				1C06DCC52A61B12400FD02FB /* Resources */,
				49F1478B6B3950B016D19827 /* [CP] Embed Pods Frameworks */,
			);
			buildRules = (
			);
			dependencies = (
			);
			name = FastLaneF1;
			productName = FastLaneF1;
			productReference = 1C06DCC72A61B12400FD02FB /* FastLaneF1.app */;
			productType = "com.apple.product-type.application";
		};
		1C06DCDC2A61B12500FD02FB /* FastLaneF1Tests */ = {
			isa = PBXNativeTarget;
			buildConfigurationList = 1C06DCF42A61B12500FD02FB /* Build configuration list for PBXNativeTarget "FastLaneF1Tests" */;
			buildPhases = (
				043D787C14CDEE75A3A9F3DE /* [CP] Check Pods Manifest.lock */,
				1C06DCD92A61B12500FD02FB /* Sources */,
				1C06DCDA2A61B12500FD02FB /* Frameworks */,
				1C06DCDB2A61B12500FD02FB /* Resources */,
			);
			buildRules = (
			);
			dependencies = (
				1C06DCDF2A61B12500FD02FB /* PBXTargetDependency */,
			);
			name = FastLaneF1Tests;
			productName = FastLaneF1Tests;
			productReference = 1C06DCDD2A61B12500FD02FB /* FastLaneF1Tests.xctest */;
			productType = "com.apple.product-type.bundle.unit-test";
		};
		1C06DCE62A61B12500FD02FB /* FastLaneF1UITests */ = {
			isa = PBXNativeTarget;
			buildConfigurationList = 1C06DCF72A61B12500FD02FB /* Build configuration list for PBXNativeTarget "FastLaneF1UITests" */;
			buildPhases = (
				B007A21FFD4B38AE1EB199DC /* [CP] Check Pods Manifest.lock */,
				1C06DCE32A61B12500FD02FB /* Sources */,
				1C06DCE42A61B12500FD02FB /* Frameworks */,
				1C06DCE52A61B12500FD02FB /* Resources */,
				C8729AF7A82C6BCC097F31DD /* [CP] Embed Pods Frameworks */,
			);
			buildRules = (
			);
			dependencies = (
				1C06DCE92A61B12500FD02FB /* PBXTargetDependency */,
			);
			name = FastLaneF1UITests;
			productName = FastLaneF1UITests;
			productReference = 1C06DCE72A61B12500FD02FB /* FastLaneF1UITests.xctest */;
			productType = "com.apple.product-type.bundle.ui-testing";
		};
/* End PBXNativeTarget section */

/* Begin PBXProject section */
		1C06DCBF2A61B12400FD02FB /* Project object */ = {
			isa = PBXProject;
			attributes = {
				BuildIndependentTargetsInParallel = 1;
				LastSwiftUpdateCheck = 1430;
				LastUpgradeCheck = 1430;
				TargetAttributes = {
					1C06DCC62A61B12400FD02FB = {
						CreatedOnToolsVersion = 14.3;
					};
					1C06DCDC2A61B12500FD02FB = {
						CreatedOnToolsVersion = 14.3;
						TestTargetID = 1C06DCC62A61B12400FD02FB;
					};
					1C06DCE62A61B12500FD02FB = {
						CreatedOnToolsVersion = 14.3;
						TestTargetID = 1C06DCC62A61B12400FD02FB;
					};
				};
			};
			buildConfigurationList = 1C06DCC22A61B12400FD02FB /* Build configuration list for PBXProject "FastLaneF1" */;
			compatibilityVersion = "Xcode 14.0";
			developmentRegion = en;
			hasScannedForEncodings = 0;
			knownRegions = (
				en,
				Base,
			);
			mainGroup = 1C06DCBE2A61B12400FD02FB;
			productRefGroup = 1C06DCC82A61B12400FD02FB /* Products */;
			projectDirPath = "";
			projectRoot = "";
			targets = (
				1C06DCC62A61B12400FD02FB /* FastLaneF1 */,
				1C06DCDC2A61B12500FD02FB /* FastLaneF1Tests */,
				1C06DCE62A61B12500FD02FB /* FastLaneF1UITests */,
			);
		};
/* End PBXProject section */

/* Begin PBXResourcesBuildPhase section */
		1C06DCC52A61B12400FD02FB /* Resources */ = {
			isa = PBXResourcesBuildPhase;
			buildActionMask = 2147483647;
			files = (
				1C06DCD72A61B12500FD02FB /* LaunchScreen.storyboard in Resources */,
				1C06DCD42A61B12500FD02FB /* Assets.xcassets in Resources */,
				1C98C8352A6728F200F93653 /* seasonCircuitInfo.json in Resources */,
				1C98C8082A671AE700F93653 /* schedule.json in Resources */,
			);
			runOnlyForDeploymentPostprocessing = 0;
		};
		1C06DCDB2A61B12500FD02FB /* Resources */ = {
			isa = PBXResourcesBuildPhase;
			buildActionMask = 2147483647;
			files = (
			);
			runOnlyForDeploymentPostprocessing = 0;
		};
		1C06DCE52A61B12500FD02FB /* Resources */ = {
			isa = PBXResourcesBuildPhase;
			buildActionMask = 2147483647;
			files = (
			);
			runOnlyForDeploymentPostprocessing = 0;
		};
/* End PBXResourcesBuildPhase section */

/* Begin PBXShellScriptBuildPhase section */
		043D787C14CDEE75A3A9F3DE /* [CP] Check Pods Manifest.lock */ = {
			isa = PBXShellScriptBuildPhase;
			buildActionMask = 2147483647;
			files = (
			);
			inputFileListPaths = (
			);
			inputPaths = (
				"${PODS_PODFILE_DIR_PATH}/Podfile.lock",
				"${PODS_ROOT}/Manifest.lock",
			);
			name = "[CP] Check Pods Manifest.lock";
			outputFileListPaths = (
			);
			outputPaths = (
				"$(DERIVED_FILE_DIR)/Pods-FastLaneF1Tests-checkManifestLockResult.txt",
			);
			runOnlyForDeploymentPostprocessing = 0;
			shellPath = /bin/sh;
			shellScript = "diff \"${PODS_PODFILE_DIR_PATH}/Podfile.lock\" \"${PODS_ROOT}/Manifest.lock\" > /dev/null\nif [ $? != 0 ] ; then\n    # print error to STDERR\n    echo \"error: The sandbox is not in sync with the Podfile.lock. Run 'pod install' or update your CocoaPods installation.\" >&2\n    exit 1\nfi\n# This output is used by Xcode 'outputs' to avoid re-running this script phase.\necho \"SUCCESS\" > \"${SCRIPT_OUTPUT_FILE_0}\"\n";
			showEnvVarsInLog = 0;
		};
		49F1478B6B3950B016D19827 /* [CP] Embed Pods Frameworks */ = {
			isa = PBXShellScriptBuildPhase;
			buildActionMask = 2147483647;
			files = (
			);
			inputFileListPaths = (
				"${PODS_ROOT}/Target Support Files/Pods-FastLaneF1/Pods-FastLaneF1-frameworks-${CONFIGURATION}-input-files.xcfilelist",
			);
			name = "[CP] Embed Pods Frameworks";
			outputFileListPaths = (
				"${PODS_ROOT}/Target Support Files/Pods-FastLaneF1/Pods-FastLaneF1-frameworks-${CONFIGURATION}-output-files.xcfilelist",
			);
			runOnlyForDeploymentPostprocessing = 0;
			shellPath = /bin/sh;
			shellScript = "\"${PODS_ROOT}/Target Support Files/Pods-FastLaneF1/Pods-FastLaneF1-frameworks.sh\"\n";
			showEnvVarsInLog = 0;
		};
		5DCA7B2F46E22C3430428E87 /* [CP] Check Pods Manifest.lock */ = {
			isa = PBXShellScriptBuildPhase;
			buildActionMask = 2147483647;
			files = (
			);
			inputFileListPaths = (
			);
			inputPaths = (
				"${PODS_PODFILE_DIR_PATH}/Podfile.lock",
				"${PODS_ROOT}/Manifest.lock",
			);
			name = "[CP] Check Pods Manifest.lock";
			outputFileListPaths = (
			);
			outputPaths = (
				"$(DERIVED_FILE_DIR)/Pods-FastLaneF1-checkManifestLockResult.txt",
			);
			runOnlyForDeploymentPostprocessing = 0;
			shellPath = /bin/sh;
			shellScript = "diff \"${PODS_PODFILE_DIR_PATH}/Podfile.lock\" \"${PODS_ROOT}/Manifest.lock\" > /dev/null\nif [ $? != 0 ] ; then\n    # print error to STDERR\n    echo \"error: The sandbox is not in sync with the Podfile.lock. Run 'pod install' or update your CocoaPods installation.\" >&2\n    exit 1\nfi\n# This output is used by Xcode 'outputs' to avoid re-running this script phase.\necho \"SUCCESS\" > \"${SCRIPT_OUTPUT_FILE_0}\"\n";
			showEnvVarsInLog = 0;
		};
		B007A21FFD4B38AE1EB199DC /* [CP] Check Pods Manifest.lock */ = {
			isa = PBXShellScriptBuildPhase;
			buildActionMask = 2147483647;
			files = (
			);
			inputFileListPaths = (
			);
			inputPaths = (
				"${PODS_PODFILE_DIR_PATH}/Podfile.lock",
				"${PODS_ROOT}/Manifest.lock",
			);
			name = "[CP] Check Pods Manifest.lock";
			outputFileListPaths = (
			);
			outputPaths = (
				"$(DERIVED_FILE_DIR)/Pods-FastLaneF1-FastLaneF1UITests-checkManifestLockResult.txt",
			);
			runOnlyForDeploymentPostprocessing = 0;
			shellPath = /bin/sh;
			shellScript = "diff \"${PODS_PODFILE_DIR_PATH}/Podfile.lock\" \"${PODS_ROOT}/Manifest.lock\" > /dev/null\nif [ $? != 0 ] ; then\n    # print error to STDERR\n    echo \"error: The sandbox is not in sync with the Podfile.lock. Run 'pod install' or update your CocoaPods installation.\" >&2\n    exit 1\nfi\n# This output is used by Xcode 'outputs' to avoid re-running this script phase.\necho \"SUCCESS\" > \"${SCRIPT_OUTPUT_FILE_0}\"\n";
			showEnvVarsInLog = 0;
		};
		C8729AF7A82C6BCC097F31DD /* [CP] Embed Pods Frameworks */ = {
			isa = PBXShellScriptBuildPhase;
			buildActionMask = 2147483647;
			files = (
			);
			inputFileListPaths = (
				"${PODS_ROOT}/Target Support Files/Pods-FastLaneF1-FastLaneF1UITests/Pods-FastLaneF1-FastLaneF1UITests-frameworks-${CONFIGURATION}-input-files.xcfilelist",
			);
			name = "[CP] Embed Pods Frameworks";
			outputFileListPaths = (
				"${PODS_ROOT}/Target Support Files/Pods-FastLaneF1-FastLaneF1UITests/Pods-FastLaneF1-FastLaneF1UITests-frameworks-${CONFIGURATION}-output-files.xcfilelist",
			);
			runOnlyForDeploymentPostprocessing = 0;
			shellPath = /bin/sh;
			shellScript = "\"${PODS_ROOT}/Target Support Files/Pods-FastLaneF1-FastLaneF1UITests/Pods-FastLaneF1-FastLaneF1UITests-frameworks.sh\"\n";
			showEnvVarsInLog = 0;
		};
/* End PBXShellScriptBuildPhase section */

/* Begin PBXSourcesBuildPhase section */
		1C06DCC32A61B12400FD02FB /* Sources */ = {
			isa = PBXSourcesBuildPhase;
			buildActionMask = 2147483647;
			files = (
				1CCCE3112A6AD4D6008C6EC6 /* DriverStatsCustomTableViewCellScreen.swift in Sources */,
				1CD92A702A6AF8BC00D1F598 /* DriverDetailCustomCellViewModel.swift in Sources */,
				1CCCE3062A6ACE0D008C6EC6 /* DriverStatsViewModel.swift in Sources */,
				1C06DCCF2A61B12400FD02FB /* HomeViewController.swift in Sources */,
				1C98C7FB2A67185D00F93653 /* ScheduleScreen.swift in Sources */,
				1CE86BB82A61BF6500B4022C /* HomeScreenView.swift in Sources */,
				1C98C8112A6724A900F93653 /* EventViewModel.swift in Sources */,
				1C782B372A684F740018C5B4 /* ClassificationModel.swift in Sources */,
				1C98C82B2A6726AA00F93653 /* StandingsTableViewCell.swift in Sources */,
				1C782B332A6849D80018C5B4 /* ClassificationScreen.swift in Sources */,
				1C782B442A6853400018C5B4 /* DriversService.swift in Sources */,
				1CCCE30F2A6AD4A1008C6EC6 /* DriverStatsCustomTableViewCell.swift in Sources */,
				1C98C8292A67268F00F93653 /* HeaderStandings.swift in Sources */,
				1CD92A652A6AEDF100D1F598 /* DriversDetailModel.swift in Sources */,
				1CCCE3082A6ACF72008C6EC6 /* DriverStatsViewController.swift in Sources */,
				1C98C7F72A6717F400F93653 /* ScheduleModel.swift in Sources */,
				1C98C8212A6725F100F93653 /* CircuitLenghtCellScreen.swift in Sources */,
				1C98C80F2A67248900F93653 /* EventModel.swift in Sources */,
				1C98C81D2A6725B600F93653 /* FirstGrandPrixCellScreen.swift in Sources */,
				1C74BC432A65AEF00017F11D /* ChampionshipStandingsCell.swift in Sources */,
				1CD92A5F2A6AEB5100D1F598 /* DriverDetailScreen.swift in Sources */,
				1C5484682A658688000EB373 /* GenericService.swift in Sources */,
				1C98C8052A67193F00F93653 /* ScheduleService.swift in Sources */,
				1CD92A6C2A6AF85700D1F598 /* DriverDetailCustomTableViewCell.swift in Sources */,
				1C782B352A684EE00018C5B4 /* ClassificationViewController.swift in Sources */,
				1C98C8132A6724D000F93653 /* EventViewController.swift in Sources */,
				1C98C7F92A67183300F93653 /* ScheduleViewController.swift in Sources */,
				1C98C81A2A67258300F93653 /* TableTrackTableViewCell.swift in Sources */,
				1CD92A612A6AEC9600D1F598 /* DriverDetailViewController.swift in Sources */,
				1C98C8232A67261800F93653 /* RaceLapsCellScreen.swift in Sources */,
				1C98C8032A67191900F93653 /* ScheduleCustomTableViewCell.swift in Sources */,
				1C98C8012A6718E600F93653 /* ScheduleCellViewModel.swift in Sources */,
				1CE86BB32A61BA8D00B4022C /* Color.swift in Sources */,
				1C06DCCB2A61B12400FD02FB /* AppDelegate.swift in Sources */,
				1C782B4F2A685EE50018C5B4 /* ConstructorCustomTableViewCellScreen.swift in Sources */,
				1C782B4D2A685E930018C5B4 /* ConstructorCustomTableViewCell.swift in Sources */,
				1CD92A6E2A6AF89C00D1F598 /* DriverDetailCustomTableViewCellScreen.swift in Sources */,
				1C782B392A684F9B0018C5B4 /* DriverStatsDriverViewModel.swift in Sources */,
				1C98C81F2A6725D400F93653 /* TrackImageCellScreen.swift in Sources */,
				1C782B402A6850420018C5B4 /* DriversCustomTableViewCell.swift in Sources */,
				1C782B422A6850670018C5B4 /* DriverCustomCellViewModel.swift in Sources */,
				1C782B3E2A68501D0018C5B4 /* DriversCustomTableViewCellScreen.swift in Sources */,
				1C98C82F2A67273500F93653 /* StandingsService.swift in Sources */,
				1CD92A682A6AF1BA00D1F598 /* DriverDetailService.swift in Sources */,
				1C782B512A685F090018C5B4 /* ConstructorCustomCellViewModel.swift in Sources */,
				1CE86BBC2A61C4C700B4022C /* TabBarViewController.swift in Sources */,
				1C98C7FF2A6718BF00F93653 /* ScheduleCellScreen.swift in Sources */,
				1C54846E2A658DEF000EB373 /* UpcomingEventCell.swift in Sources */,
				1C98C8272A67265300F93653 /* TrackRecordCellScreen.swift in Sources */,
				1C98C8312A67275200F93653 /* CircuitService.swift in Sources */,
				1C782B492A685CD60018C5B4 /* ConstructorService.swift in Sources */,
				1C98C82D2A6726CF00F93653 /* CustomStandingsTableViewScreen.swift in Sources */,
				1C98C8252A67263400F93653 /* RaceDistanceCellScreen.swift in Sources */,
				1C98C7FD2A67188200F93653 /* ScheduleViewModel.swift in Sources */,
				1C74BC452A65B0380017F11D /* LatestResultCell.swift in Sources */,
				1C782B472A685C410018C5B4 /* ClassificationConstructorViewModel.swift in Sources */,
				1CCCE3132A6AD4F7008C6EC6 /* DriverStatsCustomCellViewModel.swift in Sources */,
				1C54846B2A658C94000EB373 /* HomeTableViewCell.swift in Sources */,
				1C74BC472A65B2910017F11D /* ScheduleCell.swift in Sources */,
				1CCCE30B2A6AD33F008C6EC6 /* DriverStatsScreen.swift in Sources */,
				1C98C8162A67251500F93653 /* EventScreen.swift in Sources */,
				1C06DCCD2A61B12400FD02FB /* SceneDelegate.swift in Sources */,
				1CD92A632A6AED8200D1F598 /* DriversDetailViewModel.swift in Sources */,
			);
			runOnlyForDeploymentPostprocessing = 0;
		};
		1C06DCD92A61B12500FD02FB /* Sources */ = {
			isa = PBXSourcesBuildPhase;
			buildActionMask = 2147483647;
			files = (
				1C06DCE22A61B12500FD02FB /* FastLaneF1Tests.swift in Sources */,
			);
			runOnlyForDeploymentPostprocessing = 0;
		};
		1C06DCE32A61B12500FD02FB /* Sources */ = {
			isa = PBXSourcesBuildPhase;
			buildActionMask = 2147483647;
			files = (
				1C06DCEC2A61B12500FD02FB /* FastLaneF1UITests.swift in Sources */,
				1C06DCEE2A61B12500FD02FB /* FastLaneF1UITestsLaunchTests.swift in Sources */,
			);
			runOnlyForDeploymentPostprocessing = 0;
		};
/* End PBXSourcesBuildPhase section */

/* Begin PBXTargetDependency section */
		1C06DCDF2A61B12500FD02FB /* PBXTargetDependency */ = {
			isa = PBXTargetDependency;
			target = 1C06DCC62A61B12400FD02FB /* FastLaneF1 */;
			targetProxy = 1C06DCDE2A61B12500FD02FB /* PBXContainerItemProxy */;
		};
		1C06DCE92A61B12500FD02FB /* PBXTargetDependency */ = {
			isa = PBXTargetDependency;
			target = 1C06DCC62A61B12400FD02FB /* FastLaneF1 */;
			targetProxy = 1C06DCE82A61B12500FD02FB /* PBXContainerItemProxy */;
		};
/* End PBXTargetDependency section */

/* Begin PBXVariantGroup section */
		1C06DCD52A61B12500FD02FB /* LaunchScreen.storyboard */ = {
			isa = PBXVariantGroup;
			children = (
				1C06DCD62A61B12500FD02FB /* Base */,
			);
			name = LaunchScreen.storyboard;
			sourceTree = "<group>";
		};
/* End PBXVariantGroup section */

/* Begin XCBuildConfiguration section */
		1C06DCEF2A61B12500FD02FB /* Debug */ = {
			isa = XCBuildConfiguration;
			buildSettings = {
				ALWAYS_SEARCH_USER_PATHS = NO;
				CLANG_ANALYZER_NONNULL = YES;
				CLANG_ANALYZER_NUMBER_OBJECT_CONVERSION = YES_AGGRESSIVE;
				CLANG_CXX_LANGUAGE_STANDARD = "gnu++20";
				CLANG_ENABLE_MODULES = YES;
				CLANG_ENABLE_OBJC_ARC = YES;
				CLANG_ENABLE_OBJC_WEAK = YES;
				CLANG_WARN_BLOCK_CAPTURE_AUTORELEASING = YES;
				CLANG_WARN_BOOL_CONVERSION = YES;
				CLANG_WARN_COMMA = YES;
				CLANG_WARN_CONSTANT_CONVERSION = YES;
				CLANG_WARN_DEPRECATED_OBJC_IMPLEMENTATIONS = YES;
				CLANG_WARN_DIRECT_OBJC_ISA_USAGE = YES_ERROR;
				CLANG_WARN_DOCUMENTATION_COMMENTS = YES;
				CLANG_WARN_EMPTY_BODY = YES;
				CLANG_WARN_ENUM_CONVERSION = YES;
				CLANG_WARN_INFINITE_RECURSION = YES;
				CLANG_WARN_INT_CONVERSION = YES;
				CLANG_WARN_NON_LITERAL_NULL_CONVERSION = YES;
				CLANG_WARN_OBJC_IMPLICIT_RETAIN_SELF = YES;
				CLANG_WARN_OBJC_LITERAL_CONVERSION = YES;
				CLANG_WARN_OBJC_ROOT_CLASS = YES_ERROR;
				CLANG_WARN_QUOTED_INCLUDE_IN_FRAMEWORK_HEADER = YES;
				CLANG_WARN_RANGE_LOOP_ANALYSIS = YES;
				CLANG_WARN_STRICT_PROTOTYPES = YES;
				CLANG_WARN_SUSPICIOUS_MOVE = YES;
				CLANG_WARN_UNGUARDED_AVAILABILITY = YES_AGGRESSIVE;
				CLANG_WARN_UNREACHABLE_CODE = YES;
				CLANG_WARN__DUPLICATE_METHOD_MATCH = YES;
				COPY_PHASE_STRIP = NO;
				DEBUG_INFORMATION_FORMAT = dwarf;
				ENABLE_STRICT_OBJC_MSGSEND = YES;
				ENABLE_TESTABILITY = YES;
				GCC_C_LANGUAGE_STANDARD = gnu11;
				GCC_DYNAMIC_NO_PIC = NO;
				GCC_NO_COMMON_BLOCKS = YES;
				GCC_OPTIMIZATION_LEVEL = 0;
				GCC_PREPROCESSOR_DEFINITIONS = (
					"DEBUG=1",
					"$(inherited)",
				);
				GCC_WARN_64_TO_32_BIT_CONVERSION = YES;
				GCC_WARN_ABOUT_RETURN_TYPE = YES_ERROR;
				GCC_WARN_UNDECLARED_SELECTOR = YES;
				GCC_WARN_UNINITIALIZED_AUTOS = YES_AGGRESSIVE;
				GCC_WARN_UNUSED_FUNCTION = YES;
				GCC_WARN_UNUSED_VARIABLE = YES;
				IPHONEOS_DEPLOYMENT_TARGET = 16.4;
				MTL_ENABLE_DEBUG_INFO = INCLUDE_SOURCE;
				MTL_FAST_MATH = YES;
				ONLY_ACTIVE_ARCH = YES;
				SDKROOT = iphoneos;
				SWIFT_ACTIVE_COMPILATION_CONDITIONS = DEBUG;
				SWIFT_OPTIMIZATION_LEVEL = "-Onone";
			};
			name = Debug;
		};
		1C06DCF02A61B12500FD02FB /* Release */ = {
			isa = XCBuildConfiguration;
			buildSettings = {
				ALWAYS_SEARCH_USER_PATHS = NO;
				CLANG_ANALYZER_NONNULL = YES;
				CLANG_ANALYZER_NUMBER_OBJECT_CONVERSION = YES_AGGRESSIVE;
				CLANG_CXX_LANGUAGE_STANDARD = "gnu++20";
				CLANG_ENABLE_MODULES = YES;
				CLANG_ENABLE_OBJC_ARC = YES;
				CLANG_ENABLE_OBJC_WEAK = YES;
				CLANG_WARN_BLOCK_CAPTURE_AUTORELEASING = YES;
				CLANG_WARN_BOOL_CONVERSION = YES;
				CLANG_WARN_COMMA = YES;
				CLANG_WARN_CONSTANT_CONVERSION = YES;
				CLANG_WARN_DEPRECATED_OBJC_IMPLEMENTATIONS = YES;
				CLANG_WARN_DIRECT_OBJC_ISA_USAGE = YES_ERROR;
				CLANG_WARN_DOCUMENTATION_COMMENTS = YES;
				CLANG_WARN_EMPTY_BODY = YES;
				CLANG_WARN_ENUM_CONVERSION = YES;
				CLANG_WARN_INFINITE_RECURSION = YES;
				CLANG_WARN_INT_CONVERSION = YES;
				CLANG_WARN_NON_LITERAL_NULL_CONVERSION = YES;
				CLANG_WARN_OBJC_IMPLICIT_RETAIN_SELF = YES;
				CLANG_WARN_OBJC_LITERAL_CONVERSION = YES;
				CLANG_WARN_OBJC_ROOT_CLASS = YES_ERROR;
				CLANG_WARN_QUOTED_INCLUDE_IN_FRAMEWORK_HEADER = YES;
				CLANG_WARN_RANGE_LOOP_ANALYSIS = YES;
				CLANG_WARN_STRICT_PROTOTYPES = YES;
				CLANG_WARN_SUSPICIOUS_MOVE = YES;
				CLANG_WARN_UNGUARDED_AVAILABILITY = YES_AGGRESSIVE;
				CLANG_WARN_UNREACHABLE_CODE = YES;
				CLANG_WARN__DUPLICATE_METHOD_MATCH = YES;
				COPY_PHASE_STRIP = NO;
				DEBUG_INFORMATION_FORMAT = "dwarf-with-dsym";
				ENABLE_NS_ASSERTIONS = NO;
				ENABLE_STRICT_OBJC_MSGSEND = YES;
				GCC_C_LANGUAGE_STANDARD = gnu11;
				GCC_NO_COMMON_BLOCKS = YES;
				GCC_WARN_64_TO_32_BIT_CONVERSION = YES;
				GCC_WARN_ABOUT_RETURN_TYPE = YES_ERROR;
				GCC_WARN_UNDECLARED_SELECTOR = YES;
				GCC_WARN_UNINITIALIZED_AUTOS = YES_AGGRESSIVE;
				GCC_WARN_UNUSED_FUNCTION = YES;
				GCC_WARN_UNUSED_VARIABLE = YES;
				IPHONEOS_DEPLOYMENT_TARGET = 16.4;
				MTL_ENABLE_DEBUG_INFO = NO;
				MTL_FAST_MATH = YES;
				SDKROOT = iphoneos;
				SWIFT_COMPILATION_MODE = wholemodule;
				SWIFT_OPTIMIZATION_LEVEL = "-O";
				VALIDATE_PRODUCT = YES;
			};
			name = Release;
		};
		1C06DCF22A61B12500FD02FB /* Debug */ = {
			isa = XCBuildConfiguration;
			baseConfigurationReference = A2E239CB7FA33AE6912AA836 /* Pods-FastLaneF1.debug.xcconfig */;
			buildSettings = {
				ASSETCATALOG_COMPILER_APPICON_NAME = AppIcon;
				ASSETCATALOG_COMPILER_GLOBAL_ACCENT_COLOR_NAME = AccentColor;
				CODE_SIGN_STYLE = Automatic;
				CURRENT_PROJECT_VERSION = 1;
				DEVELOPMENT_TEAM = G3C3YH42TT;
				GENERATE_INFOPLIST_FILE = YES;
				INFOPLIST_FILE = FastLaneF1/Info.plist;
				INFOPLIST_KEY_UIApplicationSupportsIndirectInputEvents = YES;
				INFOPLIST_KEY_UILaunchStoryboardName = LaunchScreen;
				INFOPLIST_KEY_UIMainStoryboardFile = "";
				INFOPLIST_KEY_UISupportedInterfaceOrientations_iPad = "UIInterfaceOrientationPortrait UIInterfaceOrientationPortraitUpsideDown UIInterfaceOrientationLandscapeLeft UIInterfaceOrientationLandscapeRight";
				INFOPLIST_KEY_UISupportedInterfaceOrientations_iPhone = "UIInterfaceOrientationPortrait UIInterfaceOrientationLandscapeLeft UIInterfaceOrientationLandscapeRight";
				LD_RUNPATH_SEARCH_PATHS = (
					"$(inherited)",
					"@executable_path/Frameworks",
				);
				MARKETING_VERSION = 1.0;
				PRODUCT_BUNDLE_IDENTIFIER = rafaelpenna.FastLaneF1;
				PRODUCT_NAME = "$(TARGET_NAME)";
				SWIFT_EMIT_LOC_STRINGS = YES;
				SWIFT_VERSION = 5.0;
				TARGETED_DEVICE_FAMILY = "1,2";
			};
			name = Debug;
		};
		1C06DCF32A61B12500FD02FB /* Release */ = {
			isa = XCBuildConfiguration;
			baseConfigurationReference = 5B71B240A2C3D70BF7656A54 /* Pods-FastLaneF1.release.xcconfig */;
			buildSettings = {
				ASSETCATALOG_COMPILER_APPICON_NAME = AppIcon;
				ASSETCATALOG_COMPILER_GLOBAL_ACCENT_COLOR_NAME = AccentColor;
				CODE_SIGN_STYLE = Automatic;
				CURRENT_PROJECT_VERSION = 1;
				DEVELOPMENT_TEAM = G3C3YH42TT;
				GENERATE_INFOPLIST_FILE = YES;
				INFOPLIST_FILE = FastLaneF1/Info.plist;
				INFOPLIST_KEY_UIApplicationSupportsIndirectInputEvents = YES;
				INFOPLIST_KEY_UILaunchStoryboardName = LaunchScreen;
				INFOPLIST_KEY_UIMainStoryboardFile = "";
				INFOPLIST_KEY_UISupportedInterfaceOrientations_iPad = "UIInterfaceOrientationPortrait UIInterfaceOrientationPortraitUpsideDown UIInterfaceOrientationLandscapeLeft UIInterfaceOrientationLandscapeRight";
				INFOPLIST_KEY_UISupportedInterfaceOrientations_iPhone = "UIInterfaceOrientationPortrait UIInterfaceOrientationLandscapeLeft UIInterfaceOrientationLandscapeRight";
				LD_RUNPATH_SEARCH_PATHS = (
					"$(inherited)",
					"@executable_path/Frameworks",
				);
				MARKETING_VERSION = 1.0;
				PRODUCT_BUNDLE_IDENTIFIER = rafaelpenna.FastLaneF1;
				PRODUCT_NAME = "$(TARGET_NAME)";
				SWIFT_EMIT_LOC_STRINGS = YES;
				SWIFT_VERSION = 5.0;
				TARGETED_DEVICE_FAMILY = "1,2";
			};
			name = Release;
		};
		1C06DCF52A61B12500FD02FB /* Debug */ = {
			isa = XCBuildConfiguration;
			baseConfigurationReference = F62859D5DCBC8C99371E47B0 /* Pods-FastLaneF1Tests.debug.xcconfig */;
			buildSettings = {
				ALWAYS_EMBED_SWIFT_STANDARD_LIBRARIES = YES;
				BUNDLE_LOADER = "$(TEST_HOST)";
				CODE_SIGN_STYLE = Automatic;
				CURRENT_PROJECT_VERSION = 1;
				DEVELOPMENT_TEAM = G3C3YH42TT;
				GENERATE_INFOPLIST_FILE = YES;
				IPHONEOS_DEPLOYMENT_TARGET = 16.4;
				MARKETING_VERSION = 1.0;
				PRODUCT_BUNDLE_IDENTIFIER = rafaelpenna.FastLaneF1Tests;
				PRODUCT_NAME = "$(TARGET_NAME)";
				SWIFT_EMIT_LOC_STRINGS = NO;
				SWIFT_VERSION = 5.0;
				TARGETED_DEVICE_FAMILY = "1,2";
				TEST_HOST = "$(BUILT_PRODUCTS_DIR)/FastLaneF1.app/$(BUNDLE_EXECUTABLE_FOLDER_PATH)/FastLaneF1";
			};
			name = Debug;
		};
		1C06DCF62A61B12500FD02FB /* Release */ = {
			isa = XCBuildConfiguration;
			baseConfigurationReference = 1BC58D03C7242CC5A3D88FE6 /* Pods-FastLaneF1Tests.release.xcconfig */;
			buildSettings = {
				ALWAYS_EMBED_SWIFT_STANDARD_LIBRARIES = YES;
				BUNDLE_LOADER = "$(TEST_HOST)";
				CODE_SIGN_STYLE = Automatic;
				CURRENT_PROJECT_VERSION = 1;
				DEVELOPMENT_TEAM = G3C3YH42TT;
				GENERATE_INFOPLIST_FILE = YES;
				IPHONEOS_DEPLOYMENT_TARGET = 16.4;
				MARKETING_VERSION = 1.0;
				PRODUCT_BUNDLE_IDENTIFIER = rafaelpenna.FastLaneF1Tests;
				PRODUCT_NAME = "$(TARGET_NAME)";
				SWIFT_EMIT_LOC_STRINGS = NO;
				SWIFT_VERSION = 5.0;
				TARGETED_DEVICE_FAMILY = "1,2";
				TEST_HOST = "$(BUILT_PRODUCTS_DIR)/FastLaneF1.app/$(BUNDLE_EXECUTABLE_FOLDER_PATH)/FastLaneF1";
			};
			name = Release;
		};
		1C06DCF82A61B12500FD02FB /* Debug */ = {
			isa = XCBuildConfiguration;
			baseConfigurationReference = B1291613470D3E21C8663FAF /* Pods-FastLaneF1-FastLaneF1UITests.debug.xcconfig */;
			buildSettings = {
				ALWAYS_EMBED_SWIFT_STANDARD_LIBRARIES = YES;
				CODE_SIGN_STYLE = Automatic;
				CURRENT_PROJECT_VERSION = 1;
				DEVELOPMENT_TEAM = G3C3YH42TT;
				GENERATE_INFOPLIST_FILE = YES;
				MARKETING_VERSION = 1.0;
				PRODUCT_BUNDLE_IDENTIFIER = rafaelpenna.FastLaneF1UITests;
				PRODUCT_NAME = "$(TARGET_NAME)";
				SWIFT_EMIT_LOC_STRINGS = NO;
				SWIFT_VERSION = 5.0;
				TARGETED_DEVICE_FAMILY = "1,2";
				TEST_TARGET_NAME = FastLaneF1;
			};
			name = Debug;
		};
		1C06DCF92A61B12500FD02FB /* Release */ = {
			isa = XCBuildConfiguration;
			baseConfigurationReference = 88EFF8A8D24ECADD11FE4EA6 /* Pods-FastLaneF1-FastLaneF1UITests.release.xcconfig */;
			buildSettings = {
				ALWAYS_EMBED_SWIFT_STANDARD_LIBRARIES = YES;
				CODE_SIGN_STYLE = Automatic;
				CURRENT_PROJECT_VERSION = 1;
				DEVELOPMENT_TEAM = G3C3YH42TT;
				GENERATE_INFOPLIST_FILE = YES;
				MARKETING_VERSION = 1.0;
				PRODUCT_BUNDLE_IDENTIFIER = rafaelpenna.FastLaneF1UITests;
				PRODUCT_NAME = "$(TARGET_NAME)";
				SWIFT_EMIT_LOC_STRINGS = NO;
				SWIFT_VERSION = 5.0;
				TARGETED_DEVICE_FAMILY = "1,2";
				TEST_TARGET_NAME = FastLaneF1;
			};
			name = Release;
		};
/* End XCBuildConfiguration section */

/* Begin XCConfigurationList section */
		1C06DCC22A61B12400FD02FB /* Build configuration list for PBXProject "FastLaneF1" */ = {
			isa = XCConfigurationList;
			buildConfigurations = (
				1C06DCEF2A61B12500FD02FB /* Debug */,
				1C06DCF02A61B12500FD02FB /* Release */,
			);
			defaultConfigurationIsVisible = 0;
			defaultConfigurationName = Release;
		};
		1C06DCF12A61B12500FD02FB /* Build configuration list for PBXNativeTarget "FastLaneF1" */ = {
			isa = XCConfigurationList;
			buildConfigurations = (
				1C06DCF22A61B12500FD02FB /* Debug */,
				1C06DCF32A61B12500FD02FB /* Release */,
			);
			defaultConfigurationIsVisible = 0;
			defaultConfigurationName = Release;
		};
		1C06DCF42A61B12500FD02FB /* Build configuration list for PBXNativeTarget "FastLaneF1Tests" */ = {
			isa = XCConfigurationList;
			buildConfigurations = (
				1C06DCF52A61B12500FD02FB /* Debug */,
				1C06DCF62A61B12500FD02FB /* Release */,
			);
			defaultConfigurationIsVisible = 0;
			defaultConfigurationName = Release;
		};
		1C06DCF72A61B12500FD02FB /* Build configuration list for PBXNativeTarget "FastLaneF1UITests" */ = {
			isa = XCConfigurationList;
			buildConfigurations = (
				1C06DCF82A61B12500FD02FB /* Debug */,
				1C06DCF92A61B12500FD02FB /* Release */,
			);
			defaultConfigurationIsVisible = 0;
			defaultConfigurationName = Release;
		};
/* End XCConfigurationList section */
	};
	rootObject = 1C06DCBF2A61B12400FD02FB /* Project object */;
}
